
Microsoft Visual Studio Solution File, Format Version 12.00
# Visual Studio 14
VisualStudioVersion = 14.0.25420.1
MinimumVisualStudioVersion = 10.0.40219.1
Project("{FAE04EC0-301F-11D3-BF4B-00C04F79EFBC}") = "HelloWorld", "HelloWorld\HelloWorld.csproj", "{3AE270E1-1F4E-4F65-9393-AC17C78E9D60}"
EndProject
Project("{FAE04EC0-301F-11D3-BF4B-00C04F79EFBC}") = "Operators", "Operators\Operators.csproj", "{DF487D09-DF15-4798-ADA9-0199B953FE91}"
EndProject
Project("{FAE04EC0-301F-11D3-BF4B-00C04F79EFBC}") = "StringBuilderClass", "StringBuilderClass\StringBuilderClass.csproj", "{60F710E8-121B-4690-8EA6-9F703BAE4E92}"
EndProject
Project("{FAE04EC0-301F-11D3-BF4B-00C04F79EFBC}") = "ConditionalStatements", "ConditionalStatements\ConditionalStatements.csproj", "{2FBBED0B-35A7-41E1-93C4-5A54277151AB}"
EndProject
Project("{FAE04EC0-301F-11D3-BF4B-00C04F79EFBC}") = "Repitition", "Repitition\Repitition.csproj", "{878F64A3-387C-40B0-ABC4-C789B3BD0EDE}"
EndProject
Project("{FAE04EC0-301F-11D3-BF4B-00C04F79EFBC}") = "Arrays", "Arrays\Arrays.csproj", "{4A57C819-C82C-4E08-B1A8-CCCAC9501576}"
EndProject
Project("{FAE04EC0-301F-11D3-BF4B-00C04F79EFBC}") = "Encapsulation", "Encapsulation\Encapsulation.csproj", "{C0DC1606-FBFE-4B96-B45C-F6F3D9DFFBC2}"
EndProject
Project("{FAE04EC0-301F-11D3-BF4B-00C04F79EFBC}") = "Methods", "Methods\Methods.csproj", "{99AC738E-21C6-4D14-B888-BEDF7F01BD09}"
EndProject
Project("{FAE04EC0-301F-11D3-BF4B-00C04F79EFBC}") = "ShapeAreaCal", "ShapeAreaCal\ShapeAreaCal.csproj", "{607943CE-E8DB-45FA-B6C1-C63523195B33}"
EndProject
Global
	GlobalSection(SolutionConfigurationPlatforms) = preSolution
		Debug|Any CPU = Debug|Any CPU
		Release|Any CPU = Release|Any CPU
	EndGlobalSection
	GlobalSection(ProjectConfigurationPlatforms) = postSolution
		{3AE270E1-1F4E-4F65-9393-AC17C78E9D60}.Debug|Any CPU.ActiveCfg = Debug|Any CPU
		{3AE270E1-1F4E-4F65-9393-AC17C78E9D60}.Debug|Any CPU.Build.0 = Debug|Any CPU
		{3AE270E1-1F4E-4F65-9393-AC17C78E9D60}.Release|Any CPU.ActiveCfg = Release|Any CPU
		{3AE270E1-1F4E-4F65-9393-AC17C78E9D60}.Release|Any CPU.Build.0 = Release|Any CPU
		{DF487D09-DF15-4798-ADA9-0199B953FE91}.Debug|Any CPU.ActiveCfg = Debug|Any CPU
		{DF487D09-DF15-4798-ADA9-0199B953FE91}.Debug|Any CPU.Build.0 = Debug|Any CPU
		{DF487D09-DF15-4798-ADA9-0199B953FE91}.Release|Any CPU.ActiveCfg = Release|Any CPU
		{DF487D09-DF15-4798-ADA9-0199B953FE91}.Release|Any CPU.Build.0 = Release|Any CPU
		{60F710E8-121B-4690-8EA6-9F703BAE4E92}.Debug|Any CPU.ActiveCfg = Debug|Any CPU
		{60F710E8-121B-4690-8EA6-9F703BAE4E92}.Debug|Any CPU.Build.0 = Debug|Any CPU
		{60F710E8-121B-4690-8EA6-9F703BAE4E92}.Release|Any CPU.ActiveCfg = Release|Any CPU
		{60F710E8-121B-4690-8EA6-9F703BAE4E92}.Release|Any CPU.Build.0 = Release|Any CPU
		{2FBBED0B-35A7-41E1-93C4-5A54277151AB}.Debug|Any CPU.ActiveCfg = Debug|Any CPU
		{2FBBED0B-35A7-41E1-93C4-5A54277151AB}.Debug|Any CPU.Build.0 = Debug|Any CPU
		{2FBBED0B-35A7-41E1-93C4-5A54277151AB}.Release|Any CPU.ActiveCfg = Release|Any CPU
		{2FBBED0B-35A7-41E1-93C4-5A54277151AB}.Release|Any CPU.Build.0 = Release|Any CPU
		{878F64A3-387C-40B0-ABC4-C789B3BD0EDE}.Debug|Any CPU.ActiveCfg = Debug|Any CPU
		{878F64A3-387C-40B0-ABC4-C789B3BD0EDE}.Debug|Any CPU.Build.0 = Debug|Any CPU
		{878F64A3-387C-40B0-ABC4-C789B3BD0EDE}.Release|Any CPU.ActiveCfg = Release|Any CPU
		{878F64A3-387C-40B0-ABC4-C789B3BD0EDE}.Release|Any CPU.Build.0 = Release|Any CPU
		{4A57C819-C82C-4E08-B1A8-CCCAC9501576}.Debug|Any CPU.ActiveCfg = Debug|Any CPU
		{4A57C819-C82C-4E08-B1A8-CCCAC9501576}.Debug|Any CPU.Build.0 = Debug|Any CPU
		{4A57C819-C82C-4E08-B1A8-CCCAC9501576}.Release|Any CPU.ActiveCfg = Release|Any CPU
		{4A57C819-C82C-4E08-B1A8-CCCAC9501576}.Release|Any CPU.Build.0 = Release|Any CPU
		{C0DC1606-FBFE-4B96-B45C-F6F3D9DFFBC2}.Debug|Any CPU.ActiveCfg = Debug|Any CPU
		{C0DC1606-FBFE-4B96-B45C-F6F3D9DFFBC2}.Debug|Any CPU.Build.0 = Debug|Any CPU
		{C0DC1606-FBFE-4B96-B45C-F6F3D9DFFBC2}.Release|Any CPU.ActiveCfg = Release|Any CPU
		{C0DC1606-FBFE-4B96-B45C-F6F3D9DFFBC2}.Release|Any CPU.Build.0 = Release|Any CPU
		{99AC738E-21C6-4D14-B888-BEDF7F01BD09}.Debug|Any CPU.ActiveCfg = Debug|Any CPU
		{99AC738E-21C6-4D14-B888-BEDF7F01BD09}.Debug|Any CPU.Build.0 = Debug|Any CPU
		{99AC738E-21C6-4D14-B888-BEDF7F01BD09}.Release|Any CPU.ActiveCfg = Release|Any CPU
		{99AC738E-21C6-4D14-B888-BEDF7F01BD09}.Release|Any CPU.Build.0 = Release|Any CPU
		{607943CE-E8DB-45FA-B6C1-C63523195B33}.Debug|Any CPU.ActiveCfg = Debug|Any CPU
		{607943CE-E8DB-45FA-B6C1-C63523195B33}.Debug|Any CPU.Build.0 = Debug|Any CPU
		{607943CE-E8DB-45FA-B6C1-C63523195B33}.Release|Any CPU.ActiveCfg = Release|Any CPU
		{607943CE-E8DB-45FA-B6C1-C63523195B33}.Release|Any CPU.Build.0 = Release|Any CPU
	EndGlobalSection
	GlobalSection(SolutionProperties) = preSolution
		HideSolutionNode = FALSE
	EndGlobalSection
EndGlobal
